// !$*UTF8*$!
{
	archiveVersion = 1;
	classes = {
	};
	objectVersion = 46;
	objects = {

/* Begin PBXBuildFile section */
		4B9735941AA437B200D8047B /* main.m in Sources */ = {isa = PBXBuildFile; fileRef = 4B9735931AA437B200D8047B /* main.m */; };
		4B9735971AA437B200D8047B /* AppDelegate.m in Sources */ = {isa = PBXBuildFile; fileRef = 4B9735961AA437B200D8047B /* AppDelegate.m */; };
		4B97359A1AA437B200D8047B /* ViewController.m in Sources */ = {isa = PBXBuildFile; fileRef = 4B9735991AA437B200D8047B /* ViewController.m */; };
		4B97359D1AA437B200D8047B /* Main.storyboard in Resources */ = {isa = PBXBuildFile; fileRef = 4B97359B1AA437B200D8047B /* Main.storyboard */; };
		4B97359F1AA437B200D8047B /* Images.xcassets in Resources */ = {isa = PBXBuildFile; fileRef = 4B97359E1AA437B200D8047B /* Images.xcassets */; };
		4B9735A21AA437B200D8047B /* LaunchScreen.xib in Resources */ = {isa = PBXBuildFile; fileRef = 4B9735A01AA437B200D8047B /* LaunchScreen.xib */; };
		4B9735AE1AA437B200D8047B /* bebestdeliTests.m in Sources */ = {isa = PBXBuildFile; fileRef = 4B9735AD1AA437B200D8047B /* bebestdeliTests.m */; };
/* End PBXBuildFile section */

/* Begin PBXContainerItemProxy section */
		4B9735A81AA437B200D8047B /* PBXContainerItemProxy */ = {
			isa = PBXContainerItemProxy;
			containerPortal = 4B9735861AA437B200D8047B /* Project object */;
			proxyType = 1;
			remoteGlobalIDString = 4B97358D1AA437B200D8047B;
			remoteInfo = bebestdeli;
		};
/* End PBXContainerItemProxy section */

/* Begin PBXFileReference section */
		4B97358E1AA437B200D8047B /* bebestdeli.app */ = {isa = PBXFileReference; explicitFileType = wrapper.application; includeInIndex = 0; path = bebestdeli.app; sourceTree = BUILT_PRODUCTS_DIR; };
		4B9735921AA437B200D8047B /* Info.plist */ = {isa = PBXFileReference; lastKnownFileType = text.plist.xml; path = Info.plist; sourceTree = "<group>"; };
		4B9735931AA437B200D8047B /* main.m */ = {isa = PBXFileReference; lastKnownFileType = sourcecode.c.objc; path = main.m; sourceTree = "<group>"; };
		4B9735951AA437B200D8047B /* AppDelegate.h */ = {isa = PBXFileReference; lastKnownFileType = sourcecode.c.h; path = AppDelegate.h; sourceTree = "<group>"; };
		4B9735961AA437B200D8047B /* AppDelegate.m */ = {isa = PBXFileReference; lastKnownFileType = sourcecode.c.objc; path = AppDelegate.m; sourceTree = "<group>"; };
		4B9735981AA437B200D8047B /* ViewController.h */ = {isa = PBXFileReference; lastKnownFileType = sourcecode.c.h; path = ViewController.h; sourceTree = "<group>"; };
		4B9735991AA437B200D8047B /* ViewController.m */ = {isa = PBXFileReference; lastKnownFileType = sourcecode.c.objc; path = ViewController.m; sourceTree = "<group>"; };
		4B97359C1AA437B200D8047B /* Base */ = {isa = PBXFileReference; lastKnownFileType = file.storyboard; name = Base; path = Base.lproj/Main.storyboard; sourceTree = "<group>"; };
		4B97359E1AA437B200D8047B /* Images.xcassets */ = {isa = PBXFileReference; lastKnownFileType = folder.assetcatalog; path = Images.xcassets; sourceTree = "<group>"; };
		4B9735A11AA437B200D8047B /* Base */ = {isa = PBXFileReference; lastKnownFileType = file.xib; name = Base; path = Base.lproj/LaunchScreen.xib; sourceTree = "<group>"; };
		4B9735A71AA437B200D8047B /* bebestdeliTests.xctest */ = {isa = PBXFileReference; explicitFileType = wrapper.cfbundle; includeInIndex = 0; path = bebestdeliTests.xctest; sourceTree = BUILT_PRODUCTS_DIR; };
		4B9735AC1AA437B200D8047B /* Info.plist */ = {isa = PBXFileReference; lastKnownFileType = text.plist.xml; path = Info.plist; sourceTree = "<group>"; };
		4B9735AD1AA437B200D8047B /* bebestdeliTests.m */ = {isa = PBXFileReference; lastKnownFileType = sourcecode.c.objc; path = bebestdeliTests.m; sourceTree = "<group>"; };
/* End PBXFileReference section */

/* Begin PBXFrameworksBuildPhase section */
		4B97358B1AA437B200D8047B /* Frameworks */ = {
			isa = PBXFrameworksBuildPhase;
			buildActionMask = 2147483647;
			files = (
			);
			runOnlyForDeploymentPostprocessing = 0;
		};
		4B9735A41AA437B200D8047B /* Frameworks */ = {
			isa = PBXFrameworksBuildPhase;
			buildActionMask = 2147483647;
			files = (
			);
			runOnlyForDeploymentPostprocessing = 0;
		};
/* End PBXFrameworksBuildPhase section */

/* Begin PBXGroup section */
		4B9735851AA437B200D8047B = {
			isa = PBXGroup;
			children = (
				4B9735901AA437B200D8047B /* bebestdeli */,
				4B9735AA1AA437B200D8047B /* bebestdeliTests */,
				4B97358F1AA437B200D8047B /* Products */,
			);
			sourceTree = "<group>";
		};
		4B97358F1AA437B200D8047B /* Products */ = {
			isa = PBXGroup;
			children = (
				4B97358E1AA437B200D8047B /* bebestdeli.app */,
				4B9735A71AA437B200D8047B /* bebestdeliTests.xctest */,
			);
			name = Products;
			sourceTree = "<group>";
		};
		4B9735901AA437B200D8047B /* bebestdeli */ = {
			isa = PBXGroup;
			children = (
				4B9735B81AA446FB00D8047B /* model */,
				4B9735B71AA446EE00D8047B /* controller */,
				4B9735951AA437B200D8047B /* AppDelegate.h */,
				4B9735961AA437B200D8047B /* AppDelegate.m */,
				4B9735981AA437B200D8047B /* ViewController.h */,
				4B9735991AA437B200D8047B /* ViewController.m */,
				4B97359B1AA437B200D8047B /* Main.storyboard */,
				4B97359E1AA437B200D8047B /* Images.xcassets */,
				4B9735A01AA437B200D8047B /* LaunchScreen.xib */,
				4B9735911AA437B200D8047B /* Supporting Files */,
			);
			path = bebestdeli;
			sourceTree = "<group>";
		};
		4B9735911AA437B200D8047B /* Supporting Files */ = {
			isa = PBXGroup;
			children = (
				4B9735921AA437B200D8047B /* Info.plist */,
				4B9735931AA437B200D8047B /* main.m */,
			);
			name = "Supporting Files";
			sourceTree = "<group>";
		};
		4B9735AA1AA437B200D8047B /* bebestdeliTests */ = {
			isa = PBXGroup;
			children = (
				4B9735AD1AA437B200D8047B /* bebestdeliTests.m */,
				4B9735AB1AA437B200D8047B /* Supporting Files */,
			);
			path = bebestdeliTests;
			sourceTree = "<group>";
		};
		4B9735AB1AA437B200D8047B /* Supporting Files */ = {
			isa = PBXGroup;
			children = (
				4B9735AC1AA437B200D8047B /* Info.plist */,
			);
			name = "Supporting Files";
			sourceTree = "<group>";
		};
		4B9735B71AA446EE00D8047B /* controller */ = {
			isa = PBXGroup;
			children = (
			);
			name = controller;
			sourceTree = "<group>";
		};
		4B9735B81AA446FB00D8047B /* model */ = {
			isa = PBXGroup;
			children = (
			);
			name = model;
			sourceTree = "<group>";
		};
/* End PBXGroup section */

/* Begin PBXNativeTarget section */
		4B97358D1AA437B200D8047B /* bebestdeli */ = {
			isa = PBXNativeTarget;
			buildConfigurationList = 4B9735B11AA437B200D8047B /* Build configuration list for PBXNativeTarget "bebestdeli" */;
			buildPhases = (
				4B97358A1AA437B200D8047B /* Sources */,
				4B97358B1AA437B200D8047B /* Frameworks */,
				4B97358C1AA437B200D8047B /* Resources */,
			);
			buildRules = (
			);
			dependencies = (
			);
			name = bebestdeli;
			productName = bebestdeli;
			productReference = 4B97358E1AA437B200D8047B /* bebestdeli.app */;
			productType = "com.apple.product-type.application";
		};
		4B9735A61AA437B200D8047B /* bebestdeliTests */ = {
			isa = PBXNativeTarget;
			buildConfigurationList = 4B9735B41AA437B200D8047B /* Build configuration list for PBXNativeTarget "bebestdeliTests" */;
			buildPhases = (
				4B9735A31AA437B200D8047B /* Sources */,
				4B9735A41AA437B200D8047B /* Frameworks */,
				4B9735A51AA437B200D8047B /* Resources */,
			);
			buildRules = (
			);
			dependencies = (
				4B9735A91AA437B200D8047B /* PBXTargetDependency */,
			);
			name = bebestdeliTests;
			productName = bebestdeliTests;
			productReference = 4B9735A71AA437B200D8047B /* bebestdeliTests.xctest */;
			productType = "com.apple.product-type.bundle.unit-test";
		};
/* End PBXNativeTarget section */

/* Begin PBXProject section */
		4B9735861AA437B200D8047B /* Project object */ = {
			isa = PBXProject;
			attributes = {
				LastUpgradeCheck = 0610;
				ORGANIZATIONNAME = Mr.Q;
				TargetAttributes = {
					4B97358D1AA437B200D8047B = {
						CreatedOnToolsVersion = 6.1.1;
					};
					4B9735A61AA437B200D8047B = {
						CreatedOnToolsVersion = 6.1.1;
						TestTargetID = 4B97358D1AA437B200D8047B;
					};
				};
			};
			buildConfigurationList = 4B9735891AA437B200D8047B /* Build configuration list for PBXProject "bebestdeli" */;
			compatibilityVersion = "Xcode 3.2";
			developmentRegion = English;
			hasScannedForEncodings = 0;
			knownRegions = (
				en,
				Base,
			);
			mainGroup = 4B9735851AA437B200D8047B;
			productRefGroup = 4B97358F1AA437B200D8047B /* Products */;
			projectDirPath = "";
			projectRoot = "";
			targets = (
				4B97358D1AA437B200D8047B /* bebestdeli */,
				4B9735A61AA437B200D8047B /* bebestdeliTests */,
			);
		};
/* End PBXProject section */

/* Begin PBXResourcesBuildPhase section */
		4B97358C1AA437B200D8047B /* Resources */ = {
			isa = PBXResourcesBuildPhase;
			buildActionMask = 2147483647;
			files = (
				4B97359D1AA437B200D8047B /* Main.storyboard in Resources */,
				4B9735A21AA437B200D8047B /* LaunchScreen.xib in Resources */,
				4B97359F1AA437B200D8047B /* Images.xcassets in Resources */,
			);
			runOnlyForDeploymentPostprocessing = 0;
		};
		4B9735A51AA437B200D8047B /* Resources */ = {
			isa = PBXResourcesBuildPhase;
			buildActionMask = 2147483647;
			files = (
			);
			runOnlyForDeploymentPostprocessing = 0;
		};
/* End PBXResourcesBuildPhase section */

/* Begin PBXSourcesBuildPhase section */
		4B97358A1AA437B200D8047B /* Sources */ = {
			isa = PBXSourcesBuildPhase;
			buildActionMask = 2147483647;
			files = (
				4B97359A1AA437B200D8047B /* ViewController.m in Sources */,
				4B9735971AA437B200D8047B /* AppDelegate.m in Sources */,
				4B9735941AA437B200D8047B /* main.m in Sources */,
			);
			runOnlyForDeploymentPostprocessing = 0;
		};
		4B9735A31AA437B200D8047B /* Sources */ = {
			isa = PBXSourcesBuildPhase;
			buildActionMask = 2147483647;
			files = (
				4B9735AE1AA437B200D8047B /* bebestdeliTests.m in Sources */,
			);
			runOnlyForDeploymentPostprocessing = 0;
		};
/* End PBXSourcesBuildPhase section */

/* Begin PBXTargetDependency section */
		4B9735A91AA437B200D8047B /* PBXTargetDependency */ = {
			isa = PBXTargetDependency;
			target = 4B97358D1AA437B200D8047B /* bebestdeli */;
			targetProxy = 4B9735A81AA437B200D8047B /* PBXContainerItemProxy */;
		};
/* End PBXTargetDependency section */

/* Begin PBXVariantGroup section */
		4B97359B1AA437B200D8047B /* Main.storyboard */ = {
			isa = PBXVariantGroup;
			children = (
				4B97359C1AA437B200D8047B /* Base */,
			);
			name = Main.storyboard;
			sourceTree = "<group>";
		};
		4B9735A01AA437B200D8047B /* LaunchScreen.xib */ = {
			isa = PBXVariantGroup;
			children = (
				4B9735A11AA437B200D8047B /* Base */,
			);
			name = LaunchScreen.xib;
			sourceTree = "<group>";
		};
/* End PBXVariantGroup section */

/* Begin XCBuildConfiguration section */
		4B9735AF1AA437B200D8047B /* Debug */ = {
			isa = XCBuildConfiguration;
			buildSettings = {
				ALWAYS_SEARCH_USER_PATHS = NO;
				CLANG_CXX_LANGUAGE_STANDARD = "gnu++0x";
				CLANG_CXX_LIBRARY = "libc++";
				CLANG_ENABLE_MODULES = YES;
				CLANG_ENABLE_OBJC_ARC = YES;
				CLANG_WARN_BOOL_CONVERSION = YES;
				CLANG_WARN_CONSTANT_CONVERSION = YES;
				CLANG_WARN_DIRECT_OBJC_ISA_USAGE = YES_ERROR;
				CLANG_WARN_EMPTY_BODY = YES;
				CLANG_WARN_ENUM_CONVERSION = YES;
				CLANG_WARN_INT_CONVERSION = YES;
				CLANG_WARN_OBJC_ROOT_CLASS = YES_ERROR;
				CLANG_WARN_UNREACHABLE_CODE = YES;
				CLANG_WARN__DUPLICATE_METHOD_MATCH = YES;
				"CODE_SIGN_IDENTITY[sdk=iphoneos*]" = "iPhone Developer";
				COPY_PHASE_STRIP = NO;
				ENABLE_STRICT_OBJC_MSGSEND = YES;
				GCC_C_LANGUAGE_STANDARD = gnu99;
				GCC_DYNAMIC_NO_PIC = NO;
				GCC_OPTIMIZATION_LEVEL = 0;
				GCC_PREPROCESSOR_DEFINITIONS = (
					"DEBUG=1",
					"$(inherited)",
				);
				GCC_SYMBOLS_PRIVATE_EXTERN = NO;
				GCC_WARN_64_TO_32_BIT_CONVERSION = YES;
				GCC_WARN_ABOUT_RETURN_TYPE = YES_ERROR;
				GCC_WARN_UNDECLARED_SELECTOR = YES;
				GCC_WARN_UNINITIALIZED_AUTOS = YES_AGGRESSIVE;
				GCC_WARN_UNUSED_FUNCTION = YES;
				GCC_WARN_UNUSED_VARIABLE = YES;
				IPHONEOS_DEPLOYMENT_TARGET = 8.1;
				MTL_ENABLE_DEBUG_INFO = YES;
				ONLY_ACTIVE_ARCH = YES;
				SDKROOT = iphoneos;
			};
			name = Debug;
		};
		4B9735B01AA437B200D8047B /* Release */ = {
			isa = XCBuildConfiguration;
			buildSettings = {
				ALWAYS_SEARCH_USER_PATHS = NO;
				CLANG_CXX_LANGUAGE_STANDARD = "gnu++0x";
				CLANG_CXX_LIBRARY = "libc++";
				CLANG_ENABLE_MODULES = YES;
				CLANG_ENABLE_OBJC_ARC = YES;
				CLANG_WARN_BOOL_CONVERSION = YES;
				CLANG_WARN_CONSTANT_CONVERSION = YES;
				CLANG_WARN_DIRECT_OBJC_ISA_USAGE = YES_ERROR;
				CLANG_WARN_EMPTY_BODY = YES;
				CLANG_WARN_ENUM_CONVERSION = YES;
				CLANG_WARN_INT_CONVERSION = YES;
				CLANG_WARN_OBJC_ROOT_CLASS = YES_ERROR;
				CLANG_WARN_UNREACHABLE_CODE = YES;
				CLANG_WARN__DUPLICATE_METHOD_MATCH = YES;
				"CODE_SIGN_IDENTITY[sdk=iphoneos*]" = "iPhone Developer";
				COPY_PHASE_STRIP = YES;
				ENABLE_NS_ASSERTIONS = NO;
				ENABLE_STRICT_OBJC_MSGSEND = YES;
				GCC_C_LANGUAGE_STANDARD = gnu99;
				GCC_WARN_64_TO_32_BIT_CONVERSION = YES;
				GCC_WARN_ABOUT_RETURN_TYPE = YES_ERROR;
				GCC_WARN_UNDECLARED_SELECTOR = YES;
				GCC_WARN_UNINITIALIZED_AUTOS = YES_AGGRESSIVE;
				GCC_WARN_UNUSED_FUNCTION = YES;
				GCC_WARN_UNUSED_VARIABLE = YES;
				IPHONEOS_DEPLOYMENT_TARGET = 8.1;
				MTL_ENABLE_DEBUG_INFO = NO;
				SDKROOT = iphoneos;
				VALIDATE_PRODUCT = YES;
			};
			name = Release;
		};
		4B9735B21AA437B200D8047B /* Debug */ = {
			isa = XCBuildConfiguration;
			buildSettings = {
				ASSETCATALOG_COMPILER_APPICON_NAME = AppIcon;
				INFOPLIST_FILE = bebestdeli/Info.plist;
				LD_RUNPATH_SEARCH_PATHS = "$(inherited) @executable_path/Frameworks";
				PRODUCT_NAME = "$(TARGET_NAME)";
			};
			name = Debug;
		};
		4B9735B31AA437B200D8047B /* Release */ = {
			isa = XCBuildConfiguration;
			buildSettings = {
				ASSETCATALOG_COMPILER_APPICON_NAME = AppIcon;
				INFOPLIST_FILE = bebestdeli/Info.plist;
				LD_RUNPATH_SEARCH_PATHS = "$(inherited) @executable_path/Frameworks";
				PRODUCT_NAME = "$(TARGET_NAME)";
			};
			name = Release;
		};
		4B9735B51AA437B200D8047B /* Debug */ = {
			isa = XCBuildConfiguration;
			buildSettings = {
				BUNDLE_LOADER = "$(TEST_HOST)";
				FRAMEWORK_SEARCH_PATHS = (
					"$(SDKROOT)/Developer/Library/Frameworks",
					"$(inherited)",
				);
				GCC_PREPROCESSOR_DEFINITIONS = (
					"DEBUG=1",
					"$(inherited)",
				);
				INFOPLIST_FILE = bebestdeliTests/Info.plist;
				LD_RUNPATH_SEARCH_PATHS = "$(inherited) @executable_path/Frameworks @loader_path/Frameworks";
				PRODUCT_NAME = "$(TARGET_NAME)";
				TEST_HOST = "$(BUILT_PRODUCTS_DIR)/bebestdeli.app/bebestdeli";
			};
			name = Debug;
		};
		4B9735B61AA437B200D8047B /* Release */ = {
			isa = XCBuildConfiguration;
			buildSettings = {
				BUNDLE_LOADER = "$(TEST_HOST)";
				FRAMEWORK_SEARCH_PATHS = (
					"$(SDKROOT)/Developer/Library/Frameworks",
					"$(inherited)",
				);
				INFOPLIST_FILE = bebestdeliTests/Info.plist;
				LD_RUNPATH_SEARCH_PATHS = "$(inherited) @executable_path/Frameworks @loader_path/Frameworks";
				PRODUCT_NAME = "$(TARGET_NAME)";
				TEST_HOST = "$(BUILT_PRODUCTS_DIR)/bebestdeli.app/bebestdeli";
			};
			name = Release;
		};
/* End XCBuildConfiguration section */

/* Begin XCConfigurationList section */
		4B9735891AA437B200D8047B /* Build configuration list for PBXProject "bebestdeli" */ = {
			isa = XCConfigurationList;
			buildConfigurations = (
				4B9735AF1AA437B200D8047B /* Debug */,
				4B9735B01AA437B200D8047B /* Release */,
			);
			defaultConfigurationIsVisible = 0;
			defaultConfigurationName = Release;
		};
		4B9735B11AA437B200D8047B /* Build configuration list for PBXNativeTarget "bebestdeli" */ = {
			isa = XCConfigurationList;
			buildConfigurations = (
				4B9735B21AA437B200D8047B /* Debug */,
				4B9735B31AA437B200D8047B /* Release */,
			);
			defaultConfigurationIsVisible = 0;
		};
		4B9735B41AA437B200D8047B /* Build configuration list for PBXNativeTarget "bebestdeliTests" */ = {
			isa = XCConfigurationList;
			buildConfigurations = (
				4B9735B51AA437B200D8047B /* Debug */,
				4B9735B61AA437B200D8047B /* Release */,
			);
			defaultConfigurationIsVisible = 0;
		};
/* End XCConfigurationList section */
	};
	rootObject = 4B9735861AA437B200D8047B /* Project object */;
}
